{
  "name": "steam-buy-order-scanner-chrome",
  "version": "1.0.0",
  "lockfileVersion": 2,
  "requires": true,
  "packages": {
    "": {
      "name": "steam-buy-order-scanner-chrome",
      "version": "1.0.0",
      "license": " GPL-3.0",
      "dependencies": {
        "chart.js": "^3.8.0",
        "chartjs-adapter-moment": "^1.0.0",
        "chartjs-plugin-zoom": "^1.2.1",
        "dompurify": "^2.3.3",
        "moment": "^2.29.4"
      }
    },
    "node_modules/chart.js": {
      "version": "3.8.0",
      "resolved": "https://registry.npmjs.org/chart.js/-/chart.js-3.8.0.tgz",
      "integrity": "sha512-cr8xhrXjLIXVLOBZPkBZVF6NDeiVIrPLHcMhnON7UufudL+CNeRrD+wpYanswlm8NpudMdrt3CHoLMQMxJhHRg=="
    },
    "node_modules/chartjs-adapter-moment": {
      "version": "1.0.0",
      "resolved": "https://registry.npmjs.org/chartjs-adapter-moment/-/chartjs-adapter-moment-1.0.0.tgz",
      "integrity": "sha512-PqlerEvQcc5hZLQ/NQWgBxgVQ4TRdvkW3c/t+SUEQSj78ia3hgLkf2VZ2yGJtltNbEEFyYGm+cA6XXevodYvWA==",
      "peerDependencies": {
        "chart.js": "^3.0.0",
        "moment": "^2.10.2"
      }
    },
    "node_modules/chartjs-plugin-zoom": {
      "version": "1.2.1",
      "resolved": "https://registry.npmjs.org/chartjs-plugin-zoom/-/chartjs-plugin-zoom-1.2.1.tgz",
      "integrity": "sha512-2zbWvw2pljrtMLMXkKw1uxYzAne5PtjJiOZftcut4Lo3Ee8qUt95RpMKDWrZ+pBZxZKQKOD/etdU4pN2jxZUmg==",
      "dependencies": {
        "hammerjs": "^2.0.8"
      },
      "peerDependencies": {
        "chart.js": "^3.2.0"
      }
    },
    "node_modules/dompurify": {
      "version": "2.3.3",
      "resolved": "https://registry.npmjs.org/dompurify/-/dompurify-2.3.3.tgz",
      "integrity": "sha512-dqnqRkPMAjOZE0FogZ+ceJNM2dZ3V/yNOuFB7+39qpO93hHhfRpHw3heYQC7DPK9FqbQTfBKUJhiSfz4MvXYwg=="
    },
    "node_modules/hammerjs": {
      "version": "2.0.8",
      "resolved": "https://registry.npmjs.org/hammerjs/-/hammerjs-2.0.8.tgz",
      "integrity": "sha512-tSQXBXS/MWQOn/RKckawJ61vvsDpCom87JgxiYdGwHdOa0ht0vzUWDlfioofFCRU0L+6NGDt6XzbgoJvZkMeRQ==",
      "engines": {
        "node": ">=0.8.0"
      }
    },
    "node_modules/moment": {
      "version": "2.29.4",
      "resolved": "https://registry.npmjs.org/moment/-/moment-2.29.4.tgz",
      "integrity": "sha512-5LC9SOxjSc2HF6vO2CyuTDNivEdoz2IvyJJGj6X8DJ0eFyfszE0QiEd+iXmBvUP3WHxSjFH/vIsA0EN00cgr8w==",
      "engines": {
        "node": "*"
      }
    }
  },
  "dependencies": {
    "chart.js": {
      "version": "3.8.0",
      "resolved": "https://registry.npmjs.org/chart.js/-/chart.js-3.8.0.tgz",
      "integrity": "sha512-cr8xhrXjLIXVLOBZPkBZVF6NDeiVIrPLHcMhnON7UufudL+CNeRrD+wpYanswlm8NpudMdrt3CHoLMQMxJhHRg=="
    },
    "chartjs-adapter-moment": {
      "version": "1.0.0",
      "resolved": "https://registry.npmjs.org/chartjs-adapter-moment/-/chartjs-adapter-moment-1.0.0.tgz",
      "integrity": "sha512-PqlerEvQcc5hZLQ/NQWgBxgVQ4TRdvkW3c/t+SUEQSj78ia3hgLkf2VZ2yGJtltNbEEFyYGm+cA6XXevodYvWA==",
      "requires": {}
    },
    "chartjs-plugin-zoom": {
      "version": "1.2.1",
      "resolved": "https://registry.npmjs.org/chartjs-plugin-zoom/-/chartjs-plugin-zoom-1.2.1.tgz",
      "integrity": "sha512-2zbWvw2pljrtMLMXkKw1uxYzAne5PtjJiOZftcut4Lo3Ee8qUt95RpMKDWrZ+pBZxZKQKOD/etdU4pN2jxZUmg==",
      "requires": {
        "hammerjs": "^2.0.8"
      }
    },
    "dompurify": {
      "version": "2.3.3",
      "resolved": "https://registry.npmjs.org/dompurify/-/dompurify-2.3.3.tgz",
      "integrity": "sha512-dqnqRkPMAjOZE0FogZ+ceJNM2dZ3V/yNOuFB7+39qpO93hHhfRpHw3heYQC7DPK9FqbQTfBKUJhiSfz4MvXYwg=="
    },
    "hammerjs": {
      "version": "2.0.8",
      "resolved": "https://registry.npmjs.org/hammerjs/-/hammerjs-2.0.8.tgz",
      "integrity": "sha512-tSQXBXS/MWQOn/RKckawJ61vvsDpCom87JgxiYdGwHdOa0ht0vzUWDlfioofFCRU0L+6NGDt6XzbgoJvZkMeRQ=="
    },
    "moment": {
      "version": "2.29.4",
      "resolved": "https://registry.npmjs.org/moment/-/moment-2.29.4.tgz",
      "integrity": "sha512-5LC9SOxjSc2HF6vO2CyuTDNivEdoz2IvyJJGj6X8DJ0eFyfszE0QiEd+iXmBvUP3WHxSjFH/vIsA0EN00cgr8w=="
    }
  }
}
